{
  "name": "shelfy",
  "version": "3.2.0",
  "lockfileVersion": 3,
  "packages": {
    "node_modules/date-fns": { "version": "2.30.0" },
    "node_modules/express": { "version": "4.19.2" },
    "node_modules/lodash": { "version": "4.17.15" },
    "node_modules/moment": { "version": "2.29.4" },
    "node_modules/pino": { "version": "9.3.2" },
    "node_modules/report-kit": { "version": "3.8.1" }
  }
}
